{
  "projects": [
    {
      "projectId": "9Vr5YWkf3w7jj6SsTcCEta",
      "version": "0.11.0",
      "dependencies": {},
      "lang": "js",
      "fileLocks": [
        {
          "assetId": "9Vr5YWkf3w7jj6SsTcCEta",
          "type": "projectCss",
          "checksum": "e1ec850476829c38b0f9b6d4f7ac446a"
        }
      ],
      "codegenVersion": "0.0.1"
    },
    {
      "projectId": "jkU633o1Cz7HrJdwdxhVHk",
      "version": "16.11.0",
      "dependencies": {},
      "lang": "js",
      "fileLocks": [
        {
          "assetId": "jkU633o1Cz7HrJdwdxhVHk",
          "type": "projectCss",
          "checksum": "0581d4378bb1604bb5fe3f65bb0a37de"
        }
      ],
      "codegenVersion": "0.0.1"
    },
    {
      "projectId": "ohDidvG9XsCeFumugENU3J",
      "version": "6.26.0",
      "dependencies": {},
      "lang": "js",
      "fileLocks": [
        {
          "assetId": "ohDidvG9XsCeFumugENU3J",
          "type": "projectCss",
          "checksum": "fd83b730367fdbde2c69bc6cf31c2a3c"
        },
        {
          "assetId": "ohDidvG9XsCeFumugENU3J",
          "checksum": "de0a0e65174a6a185a8f822af51c6bdd",
          "type": "globalContexts"
        }
      ],
      "codegenVersion": "0.0.1"
    },
    {
      "projectId": "n5Fhkbw8v9iAr45cMpgyB5",
      "version": "latest",
      "dependencies": {
        "ohDidvG9XsCeFumugENU3J": "6.26.0",
        "jkU633o1Cz7HrJdwdxhVHk": "16.11.0",
        "9Vr5YWkf3w7jj6SsTcCEta": "0.11.0",
        "8PtdGodUbexNYgkuyBUcWu": "3.25.0"
      },
      "lang": "js",
      "fileLocks": [
        {
          "type": "globalVariant",
          "assetId": "JmSY1gKozy-I",
          "checksum": "dada309c780c06f53d114de23ffa4996"
        },
        {
          "assetId": "n5Fhkbw8v9iAr45cMpgyB5",
          "checksum": "9fad0c39ef028ec36f9160a592293765",
          "type": "globalContexts"
        },
        {
          "type": "renderModule",
          "assetId": "Yb6C8UbmqsYP",
          "checksum": "11177b93ef9a062c52b5f3155b6220cf"
        },
        {
          "type": "cssRules",
          "assetId": "Yb6C8UbmqsYP",
          "checksum": "11177b93ef9a062c52b5f3155b6220cf"
        },
        {
          "type": "renderModule",
          "assetId": "LntSjwsq1IGJ",
          "checksum": "22f1018ed910b82b5cb4985d40adb46f"
        },
        {
          "type": "cssRules",
          "assetId": "LntSjwsq1IGJ",
          "checksum": "22f1018ed910b82b5cb4985d40adb46f"
        },
        {
          "type": "renderModule",
          "assetId": "ZhNBYJemW6Il",
          "checksum": "234cb5ae1df5c1914356a18a3bbd54f4"
        },
        {
          "type": "cssRules",
          "assetId": "ZhNBYJemW6Il",
          "checksum": "234cb5ae1df5c1914356a18a3bbd54f4"
        },
        {
          "type": "icon",
          "assetId": "MqitE1FHOO7R",
          "checksum": "7abf2ee1feb8013f17b9083fbe37ac49"
        },
        {
          "type": "icon",
          "assetId": "NBvN1p4GWOaS",
          "checksum": "e3cb4b0a0801f269cb152bd774a78604"
        },
        {
          "assetId": "n5Fhkbw8v9iAr45cMpgyB5",
          "type": "projectCss",
          "checksum": "e7782ef3bcac016123426228cc4e632b"
        },
        {
          "type": "renderModule",
          "assetId": "vaE2RQJFyauH",
          "checksum": "3b25d682c46d1e2ffc790f4b8db50480"
        },
        {
          "type": "cssRules",
          "assetId": "vaE2RQJFyauH",
          "checksum": "3b25d682c46d1e2ffc790f4b8db50480"
        },
        {
          "type": "renderModule",
          "assetId": "lkmet7zMq6NP",
          "checksum": "38aee96c2844b08901729812e750baca"
        },
        {
          "type": "cssRules",
          "assetId": "lkmet7zMq6NP",
          "checksum": "38aee96c2844b08901729812e750baca"
        }
      ],
      "codegenVersion": "0.0.1"
    },
    {
      "projectId": "8PtdGodUbexNYgkuyBUcWu",
      "version": "3.25.0",
      "dependencies": {},
      "lang": "js",
      "fileLocks": [
        {
          "assetId": "8PtdGodUbexNYgkuyBUcWu",
          "type": "projectCss",
          "checksum": "078b5be9aa4a8ea2a39b36c771c25aaa"
        },
        {
          "assetId": "8PtdGodUbexNYgkuyBUcWu",
          "checksum": "34a063f27f0b27a7d1d344bc6b5252c5",
          "type": "globalContexts"
        }
      ],
      "codegenVersion": "0.0.1"
    }
  ],
  "cliVersion": "0.1.334"
}
